// !$*UTF8*$!
{
	archiveVersion = 1;
	classes = {
	};
	objectVersion = 46;
	objects = {

/* Begin PBXBuildFile section */
		BF23E3831ADED1DB007B370F /* ActionItemEditorView.xib in Resources */ = {isa = PBXBuildFile; fileRef = BF23E3821ADED1DB007B370F /* ActionItemEditorView.xib */; };
		BF23E3851ADED312007B370F /* ActionItemEditor.swift in Sources */ = {isa = PBXBuildFile; fileRef = BF23E3841ADED312007B370F /* ActionItemEditor.swift */; };
		BF23E3891ADEE220007B370F /* USSDMenuNameItem.swift in Sources */ = {isa = PBXBuildFile; fileRef = BF23E3881ADEE220007B370F /* USSDMenuNameItem.swift */; };
		BF23E38C1ADF1BC4007B370F /* USSDManagerService.swift in Sources */ = {isa = PBXBuildFile; fileRef = BF23E38B1ADF1BC4007B370F /* USSDManagerService.swift */; };
		BF34841E1AE820F100F4180C /* AuthenticationPacket.swift in Sources */ = {isa = PBXBuildFile; fileRef = BF34841D1AE820F100F4180C /* AuthenticationPacket.swift */; };
		BF3484201AE838D000F4180C /* ErrorSheet.xib in Resources */ = {isa = PBXBuildFile; fileRef = BF34841F1AE838D000F4180C /* ErrorSheet.xib */; };
		BF3484221AE8398600F4180C /* ErrorSheet.swift in Sources */ = {isa = PBXBuildFile; fileRef = BF3484211AE8398600F4180C /* ErrorSheet.swift */; };
		BF3484241AE8528100F4180C /* ScriptRecorder.swift in Sources */ = {isa = PBXBuildFile; fileRef = BF3484231AE8528100F4180C /* ScriptRecorder.swift */; };
		BF3484271AE8529B00F4180C /* Script.swift in Sources */ = {isa = PBXBuildFile; fileRef = BF3484261AE8529B00F4180C /* Script.swift */; };
		BF3484291AE8669400F4180C /* OldMenuAction.swift in Sources */ = {isa = PBXBuildFile; fileRef = BF3484281AE8669400F4180C /* OldMenuAction.swift */; };
		BF34842B1AE86A3200F4180C /* right-empty-peg-16x16.png in Resources */ = {isa = PBXBuildFile; fileRef = BF34842A1AE86A3200F4180C /* right-empty-peg-16x16.png */; };
		BF34842D1AE86B2100F4180C /* left-empty-peg-16x16.png in Resources */ = {isa = PBXBuildFile; fileRef = BF34842C1AE86B2100F4180C /* left-empty-peg-16x16.png */; };
		BF3484331AE86E6E00F4180C /* ActionSlotLink.swift in Sources */ = {isa = PBXBuildFile; fileRef = BF3484321AE86E6E00F4180C /* ActionSlotLink.swift */; };
		BF3484361AE8767D00F4180C /* left-full-peg-16x16.png in Resources */ = {isa = PBXBuildFile; fileRef = BF3484341AE8767D00F4180C /* left-full-peg-16x16.png */; };
		BF3484371AE8767D00F4180C /* right-full-peg-16x16.png in Resources */ = {isa = PBXBuildFile; fileRef = BF3484351AE8767D00F4180C /* right-full-peg-16x16.png */; };
		BF3484391AE8833400F4180C /* ScriptEntry.swift in Sources */ = {isa = PBXBuildFile; fileRef = BF3484381AE8833400F4180C /* ScriptEntry.swift */; };
		BF34843B1AE8834C00F4180C /* ScriptEntryStart.swift in Sources */ = {isa = PBXBuildFile; fileRef = BF34843A1AE8834C00F4180C /* ScriptEntryStart.swift */; };
		BF34843D1AE8835C00F4180C /* ScriptEntryStop.swift in Sources */ = {isa = PBXBuildFile; fileRef = BF34843C1AE8835C00F4180C /* ScriptEntryStop.swift */; };
		BF34843F1AE8837C00F4180C /* ScriptEntryLoop.swift in Sources */ = {isa = PBXBuildFile; fileRef = BF34843E1AE8837C00F4180C /* ScriptEntryLoop.swift */; };
		BF3484411AE8875500F4180C /* ScriptEntrySelect.swift in Sources */ = {isa = PBXBuildFile; fileRef = BF3484401AE8875500F4180C /* ScriptEntrySelect.swift */; };
		BF3484431AE8878500F4180C /* ScriptBrowser.xib in Resources */ = {isa = PBXBuildFile; fileRef = BF3484421AE8878500F4180C /* ScriptBrowser.xib */; };
		BF3484451AE887B100F4180C /* ScriptBrowserController.swift in Sources */ = {isa = PBXBuildFile; fileRef = BF3484441AE887B000F4180C /* ScriptBrowserController.swift */; };
		BF3484471AE8966C00F4180C /* USSDEntryFieldMenuItem.swift in Sources */ = {isa = PBXBuildFile; fileRef = BF3484461AE8966C00F4180C /* USSDEntryFieldMenuItem.swift */; };
		BF34844B1AE89DF900F4180C /* USSDItem.swift in Sources */ = {isa = PBXBuildFile; fileRef = BF34844A1AE89DF900F4180C /* USSDItem.swift */; };
		BF34844D1AE8A6B000F4180C /* USSDEngineService.swift in Sources */ = {isa = PBXBuildFile; fileRef = BF34844C1AE8A6B000F4180C /* USSDEngineService.swift */; };
		BF3EC9851AE7E41A00140D82 /* USSDDocument.png in Resources */ = {isa = PBXBuildFile; fileRef = BF3EC9841AE7E41A00140D82 /* USSDDocument.png */; };
		BF430AA11AE91AB60011EFD1 /* SimulationContext.swift in Sources */ = {isa = PBXBuildFile; fileRef = BF430AA01AE91AB60011EFD1 /* SimulationContext.swift */; };
		BF430AB01AE929D20011EFD1 /* Icon-Action-16x16.png in Resources */ = {isa = PBXBuildFile; fileRef = BF430AAC1AE929D20011EFD1 /* Icon-Action-16x16.png */; };
		BF430AB11AE929D20011EFD1 /* Icon-Command-16x16.png in Resources */ = {isa = PBXBuildFile; fileRef = BF430AAD1AE929D20011EFD1 /* Icon-Command-16x16.png */; };
		BF430AB21AE929D20011EFD1 /* Icon-Slot-16x16.png in Resources */ = {isa = PBXBuildFile; fileRef = BF430AAE1AE929D20011EFD1 /* Icon-Slot-16x16.png */; };
		BF430AB31AE929D20011EFD1 /* WhiteIPhone6-140x284.png in Resources */ = {isa = PBXBuildFile; fileRef = BF430AAF1AE929D20011EFD1 /* WhiteIPhone6-140x284.png */; };
		BF430AB91AE93A7C0011EFD1 /* USSDItemWrapper.swift in Sources */ = {isa = PBXBuildFile; fileRef = BF430AB81AE93A7C0011EFD1 /* USSDItemWrapper.swift */; };
		BF430ABB1AE93AE30011EFD1 /* USSDInsetWrapper.swift in Sources */ = {isa = PBXBuildFile; fileRef = BF430ABA1AE93AE30011EFD1 /* USSDInsetWrapper.swift */; };
		BF4FD49A1AD5B8E400ABBDCA /* TargetSlot.swift in Sources */ = {isa = PBXBuildFile; fileRef = BF4FD4991AD5B8E400ABBDCA /* TargetSlot.swift */; };
		BF54150A1AE6C54D00DA14BA /* JSONParser.swift in Sources */ = {isa = PBXBuildFile; fileRef = BF5415091AE6C54D00DA14BA /* JSONParser.swift */; };
		BF54150D1AE6FB0900DA14BA /* StringExtensions.swift in Sources */ = {isa = PBXBuildFile; fileRef = BF54150C1AE6FB0900DA14BA /* StringExtensions.swift */; };
		BF54150F1AE70F5000DA14BA /* WhiteiPhone-292x597.png in Resources */ = {isa = PBXBuildFile; fileRef = BF54150E1AE70F5000DA14BA /* WhiteiPhone-292x597.png */; };
		BF5415121AE7109900DA14BA /* SimulatorWindow.swift in Sources */ = {isa = PBXBuildFile; fileRef = BF5415111AE7109900DA14BA /* SimulatorWindow.swift */; };
		BF5415141AE712DA00DA14BA /* SimulatorWindow.xib in Resources */ = {isa = PBXBuildFile; fileRef = BF5415131AE712DA00DA14BA /* SimulatorWindow.xib */; };
		BF5415161AE7132F00DA14BA /* Simulator.swift in Sources */ = {isa = PBXBuildFile; fileRef = BF5415151AE7132F00DA14BA /* Simulator.swift */; };
		BF54151A1AE7228E00DA14BA /* SimulatorMenu.swift in Sources */ = {isa = PBXBuildFile; fileRef = BF5415191AE7228E00DA14BA /* SimulatorMenu.swift */; };
		BF54151C1AE7249100DA14BA /* SimulatorMenuItem.swift in Sources */ = {isa = PBXBuildFile; fileRef = BF54151B1AE7249100DA14BA /* SimulatorMenuItem.swift */; };
		BF54151E1AE733D900DA14BA /* SimulatorView.swift in Sources */ = {isa = PBXBuildFile; fileRef = BF54151D1AE733D900DA14BA /* SimulatorView.swift */; };
		BF5415201AE739FE00DA14BA /* Keyboard-236x137.png in Resources */ = {isa = PBXBuildFile; fileRef = BF54151F1AE739FE00DA14BA /* Keyboard-236x137.png */; };
		BF5415271AE74C6000DA14BA /* BlackButton-107x42.png in Resources */ = {isa = PBXBuildFile; fileRef = BF5415251AE74C6000DA14BA /* BlackButton-107x42.png */; };
		BF5415281AE74C6000DA14BA /* WhiteButton-107x42.png in Resources */ = {isa = PBXBuildFile; fileRef = BF5415261AE74C6000DA14BA /* WhiteButton-107x42.png */; };
		BF54152A1AE7572100DA14BA /* CallbackURL.swift in Sources */ = {isa = PBXBuildFile; fileRef = BF5415291AE7572100DA14BA /* CallbackURL.swift */; };
		BF54152C1AE77B5C00DA14BA /* NSColorExtensions.swift in Sources */ = {isa = PBXBuildFile; fileRef = BF54152B1AE77B5C00DA14BA /* NSColorExtensions.swift */; };
		BF54152E1AE77F6E00DA14BA /* NSAttributedStringExtensions.swift in Sources */ = {isa = PBXBuildFile; fileRef = BF54152D1AE77F6E00DA14BA /* NSAttributedStringExtensions.swift */; };
		BF7152991AD5918800CB15B6 /* GraphicsUtilities in Resources */ = {isa = PBXBuildFile; fileRef = BF7152981AD5918800CB15B6 /* GraphicsUtilities */; };
		BF71529B1AD5927700CB15B6 /* NSLineSegment.swift in Sources */ = {isa = PBXBuildFile; fileRef = BF71529A1AD5927700CB15B6 /* NSLineSegment.swift */; };
		BF996C051AD98329007DB769 /* socket-empty-grey-16x16.png in Resources */ = {isa = PBXBuildFile; fileRef = BF996C041AD98329007DB769 /* socket-empty-grey-16x16.png */; };
		BF996C071AD993F3007DB769 /* USSDActionMenuItem.swift in Sources */ = {isa = PBXBuildFile; fileRef = BF996C061AD993F3007DB769 /* USSDActionMenuItem.swift */; };
		BF996C091AD9971F007DB769 /* socket-action-empty-16x16.png in Resources */ = {isa = PBXBuildFile; fileRef = BF996C081AD9971F007DB769 /* socket-action-empty-16x16.png */; };
		BF996C0B1AD9973F007DB769 /* ActionSlot.swift in Sources */ = {isa = PBXBuildFile; fileRef = BF996C0A1AD9973F007DB769 /* ActionSlot.swift */; };
		BFB804591ADF4FAC00CB8DBE /* JSON.txt in Resources */ = {isa = PBXBuildFile; fileRef = BFB804581ADF4FAC00CB8DBE /* JSON.txt */; };
		BFD426231AD2AE44008C5009 /* AppDelegate.swift in Sources */ = {isa = PBXBuildFile; fileRef = BFD426221AD2AE44008C5009 /* AppDelegate.swift */; };
		BFD426261AD2AE44008C5009 /* USSDSpace.xcdatamodeld in Sources */ = {isa = PBXBuildFile; fileRef = BFD426241AD2AE44008C5009 /* USSDSpace.xcdatamodeld */; };
		BFD426281AD2AE44008C5009 /* Images.xcassets in Resources */ = {isa = PBXBuildFile; fileRef = BFD426271AD2AE44008C5009 /* Images.xcassets */; };
		BFD4262B1AD2AE44008C5009 /* MainMenu.xib in Resources */ = {isa = PBXBuildFile; fileRef = BFD426291AD2AE44008C5009 /* MainMenu.xib */; };
		BFD426371AD2AE44008C5009 /* USSDSpaceTests.swift in Sources */ = {isa = PBXBuildFile; fileRef = BFD426361AD2AE44008C5009 /* USSDSpaceTests.swift */; };
		BFD426451AD2AEF2008C5009 /* USSDWorkspace.swift in Sources */ = {isa = PBXBuildFile; fileRef = BFD426441AD2AEF2008C5009 /* USSDWorkspace.swift */; };
		BFD426471AD2AF10008C5009 /* DesignController.swift in Sources */ = {isa = PBXBuildFile; fileRef = BFD426461AD2AF10008C5009 /* DesignController.swift */; };
		BFD426491AD2AF1C008C5009 /* DesignView.swift in Sources */ = {isa = PBXBuildFile; fileRef = BFD426481AD2AF1C008C5009 /* DesignView.swift */; };
		BFD4264B1AD2AF45008C5009 /* USSDElement.swift in Sources */ = {isa = PBXBuildFile; fileRef = BFD4264A1AD2AF45008C5009 /* USSDElement.swift */; };
		BFD4264D1AD2AF57008C5009 /* USSDMenu.swift in Sources */ = {isa = PBXBuildFile; fileRef = BFD4264C1AD2AF57008C5009 /* USSDMenu.swift */; };
		BFD4264F1AD2AF85008C5009 /* USSDMenuItem.swift in Sources */ = {isa = PBXBuildFile; fileRef = BFD4264E1AD2AF85008C5009 /* USSDMenuItem.swift */; };
		BFD426511AD2AF9B008C5009 /* USSDMenuTitleItem.swift in Sources */ = {isa = PBXBuildFile; fileRef = BFD426501AD2AF9B008C5009 /* USSDMenuTitleItem.swift */; };
		BFD426531AD2B18C008C5009 /* USSDTextElement.swift in Sources */ = {isa = PBXBuildFile; fileRef = BFD426521AD2B18C008C5009 /* USSDTextElement.swift */; };
		BFD426571AD2BE00008C5009 /* UFXStylist.swift in Sources */ = {isa = PBXBuildFile; fileRef = BFD426561AD2BE00008C5009 /* UFXStylist.swift */; };
		BFD426591AD2D558008C5009 /* NSPointExtensions.swift in Sources */ = {isa = PBXBuildFile; fileRef = BFD426581AD2D558008C5009 /* NSPointExtensions.swift */; };
		BFD4265C1AD2D7A0008C5009 /* SelectionHolder.swift in Sources */ = {isa = PBXBuildFile; fileRef = BFD4265B1AD2D7A0008C5009 /* SelectionHolder.swift */; };
		BFD4265E1AD2D96C008C5009 /* Selectable.swift in Sources */ = {isa = PBXBuildFile; fileRef = BFD4265D1AD2D96C008C5009 /* Selectable.swift */; };
		BFE1A40A1AD304600020A7E6 /* socket-empty-16x16.png in Resources */ = {isa = PBXBuildFile; fileRef = BFE1A4081AD304600020A7E6 /* socket-empty-16x16.png */; };
		BFE1A40B1AD304600020A7E6 /* socket-full-16x16.png in Resources */ = {isa = PBXBuildFile; fileRef = BFE1A4091AD304600020A7E6 /* socket-full-16x16.png */; };
		BFE1A40D1AD305650020A7E6 /* USSDMenuEntry.swift in Sources */ = {isa = PBXBuildFile; fileRef = BFE1A40C1AD305650020A7E6 /* USSDMenuEntry.swift */; };
		BFE1A40F1AD310360020A7E6 /* NSRectExtensions.swift in Sources */ = {isa = PBXBuildFile; fileRef = BFE1A40E1AD310360020A7E6 /* NSRectExtensions.swift */; };
		BFE1A4111AD317090020A7E6 /* iPhone6BlackUSSD-170x347.png in Resources */ = {isa = PBXBuildFile; fileRef = BFE1A4101AD317090020A7E6 /* iPhone6BlackUSSD-170x347.png */; };
		BFE1A4131AD3217F0020A7E6 /* iPhone6WhiteUSSD-170x347.png in Resources */ = {isa = PBXBuildFile; fileRef = BFE1A4121AD3217F0020A7E6 /* iPhone6WhiteUSSD-170x347.png */; };
		BFE1A4151AD329DA0020A7E6 /* LinkManagementLayer.swift in Sources */ = {isa = PBXBuildFile; fileRef = BFE1A4141AD329DA0020A7E6 /* LinkManagementLayer.swift */; };
		BFE1A4171AD32A6E0020A7E6 /* SlotLink.swift in Sources */ = {isa = PBXBuildFile; fileRef = BFE1A4161AD32A6E0020A7E6 /* SlotLink.swift */; };
		BFE1A4191AD32F310020A7E6 /* NSBezierPathExtensions.swift in Sources */ = {isa = PBXBuildFile; fileRef = BFE1A4181AD32F310020A7E6 /* NSBezierPathExtensions.swift */; };
		BFE1A41D1AD331DB0020A7E6 /* Slot.swift in Sources */ = {isa = PBXBuildFile; fileRef = BFE1A41C1AD331DB0020A7E6 /* Slot.swift */; };
		BFE1A41F1AD332570020A7E6 /* SlotSet.swift in Sources */ = {isa = PBXBuildFile; fileRef = BFE1A41E1AD332570020A7E6 /* SlotSet.swift */; };
/* End PBXBuildFile section */

/* Begin PBXContainerItemProxy section */
		BFD426311AD2AE44008C5009 /* PBXContainerItemProxy */ = {
			isa = PBXContainerItemProxy;
			containerPortal = BFD426151AD2AE44008C5009 /* Project object */;
			proxyType = 1;
			remoteGlobalIDString = BFD4261C1AD2AE44008C5009;
			remoteInfo = USSDSpace;
		};
/* End PBXContainerItemProxy section */

/* Begin PBXFileReference section */
		BF23E3821ADED1DB007B370F /* ActionItemEditorView.xib */ = {isa = PBXFileReference; fileEncoding = 4; lastKnownFileType = file.xib; path = ActionItemEditorView.xib; sourceTree = "<group>"; };
		BF23E3841ADED312007B370F /* ActionItemEditor.swift */ = {isa = PBXFileReference; fileEncoding = 4; lastKnownFileType = sourcecode.swift; path = ActionItemEditor.swift; sourceTree = "<group>"; };
		BF23E3881ADEE220007B370F /* USSDMenuNameItem.swift */ = {isa = PBXFileReference; fileEncoding = 4; lastKnownFileType = sourcecode.swift; path = USSDMenuNameItem.swift; sourceTree = "<group>"; };
		BF23E38B1ADF1BC4007B370F /* USSDManagerService.swift */ = {isa = PBXFileReference; fileEncoding = 4; lastKnownFileType = sourcecode.swift; path = USSDManagerService.swift; sourceTree = "<group>"; };
		BF34841D1AE820F100F4180C /* AuthenticationPacket.swift */ = {isa = PBXFileReference; fileEncoding = 4; lastKnownFileType = sourcecode.swift; path = AuthenticationPacket.swift; sourceTree = "<group>"; };
		BF34841F1AE838D000F4180C /* ErrorSheet.xib */ = {isa = PBXFileReference; fileEncoding = 4; lastKnownFileType = file.xib; path = ErrorSheet.xib; sourceTree = "<group>"; };
		BF3484211AE8398600F4180C /* ErrorSheet.swift */ = {isa = PBXFileReference; fileEncoding = 4; lastKnownFileType = sourcecode.swift; path = ErrorSheet.swift; sourceTree = "<group>"; };
		BF3484231AE8528100F4180C /* ScriptRecorder.swift */ = {isa = PBXFileReference; fileEncoding = 4; lastKnownFileType = sourcecode.swift; path = ScriptRecorder.swift; sourceTree = "<group>"; };
		BF3484261AE8529B00F4180C /* Script.swift */ = {isa = PBXFileReference; fileEncoding = 4; lastKnownFileType = sourcecode.swift; path = Script.swift; sourceTree = "<group>"; };
		BF3484281AE8669400F4180C /* OldMenuAction.swift */ = {isa = PBXFileReference; fileEncoding = 4; lastKnownFileType = sourcecode.swift; path = OldMenuAction.swift; sourceTree = "<group>"; };
		BF34842A1AE86A3200F4180C /* right-empty-peg-16x16.png */ = {isa = PBXFileReference; lastKnownFileType = image.png; path = "right-empty-peg-16x16.png"; sourceTree = "<group>"; };
		BF34842C1AE86B2100F4180C /* left-empty-peg-16x16.png */ = {isa = PBXFileReference; lastKnownFileType = image.png; path = "left-empty-peg-16x16.png"; sourceTree = "<group>"; };
		BF3484321AE86E6E00F4180C /* ActionSlotLink.swift */ = {isa = PBXFileReference; fileEncoding = 4; lastKnownFileType = sourcecode.swift; path = ActionSlotLink.swift; sourceTree = "<group>"; };
		BF3484341AE8767D00F4180C /* left-full-peg-16x16.png */ = {isa = PBXFileReference; lastKnownFileType = image.png; path = "left-full-peg-16x16.png"; sourceTree = "<group>"; };
		BF3484351AE8767D00F4180C /* right-full-peg-16x16.png */ = {isa = PBXFileReference; lastKnownFileType = image.png; path = "right-full-peg-16x16.png"; sourceTree = "<group>"; };
		BF3484381AE8833400F4180C /* ScriptEntry.swift */ = {isa = PBXFileReference; fileEncoding = 4; lastKnownFileType = sourcecode.swift; path = ScriptEntry.swift; sourceTree = "<group>"; };
		BF34843A1AE8834C00F4180C /* ScriptEntryStart.swift */ = {isa = PBXFileReference; fileEncoding = 4; lastKnownFileType = sourcecode.swift; path = ScriptEntryStart.swift; sourceTree = "<group>"; };
		BF34843C1AE8835C00F4180C /* ScriptEntryStop.swift */ = {isa = PBXFileReference; fileEncoding = 4; lastKnownFileType = sourcecode.swift; path = ScriptEntryStop.swift; sourceTree = "<group>"; };
		BF34843E1AE8837C00F4180C /* ScriptEntryLoop.swift */ = {isa = PBXFileReference; fileEncoding = 4; lastKnownFileType = sourcecode.swift; path = ScriptEntryLoop.swift; sourceTree = "<group>"; };
		BF3484401AE8875500F4180C /* ScriptEntrySelect.swift */ = {isa = PBXFileReference; fileEncoding = 4; lastKnownFileType = sourcecode.swift; path = ScriptEntrySelect.swift; sourceTree = "<group>"; };
		BF3484421AE8878500F4180C /* ScriptBrowser.xib */ = {isa = PBXFileReference; fileEncoding = 4; lastKnownFileType = file.xib; path = ScriptBrowser.xib; sourceTree = "<group>"; };
		BF3484441AE887B000F4180C /* ScriptBrowserController.swift */ = {isa = PBXFileReference; fileEncoding = 4; lastKnownFileType = sourcecode.swift; path = ScriptBrowserController.swift; sourceTree = "<group>"; };
		BF3484461AE8966C00F4180C /* USSDEntryFieldMenuItem.swift */ = {isa = PBXFileReference; fileEncoding = 4; lastKnownFileType = sourcecode.swift; path = USSDEntryFieldMenuItem.swift; sourceTree = "<group>"; };
		BF34844A1AE89DF900F4180C /* USSDItem.swift */ = {isa = PBXFileReference; fileEncoding = 4; lastKnownFileType = sourcecode.swift; path = USSDItem.swift; sourceTree = "<group>"; };
		BF34844C1AE8A6B000F4180C /* USSDEngineService.swift */ = {isa = PBXFileReference; fileEncoding = 4; lastKnownFileType = sourcecode.swift; path = USSDEngineService.swift; sourceTree = "<group>"; };
		BF3EC9841AE7E41A00140D82 /* USSDDocument.png */ = {isa = PBXFileReference; lastKnownFileType = image.png; path = USSDDocument.png; sourceTree = "<group>"; };
		BF430AA01AE91AB60011EFD1 /* SimulationContext.swift */ = {isa = PBXFileReference; fileEncoding = 4; lastKnownFileType = sourcecode.swift; path = SimulationContext.swift; sourceTree = "<group>"; };
		BF430AAC1AE929D20011EFD1 /* Icon-Action-16x16.png */ = {isa = PBXFileReference; lastKnownFileType = image.png; path = "Icon-Action-16x16.png"; sourceTree = "<group>"; };
		BF430AAD1AE929D20011EFD1 /* Icon-Command-16x16.png */ = {isa = PBXFileReference; lastKnownFileType = image.png; path = "Icon-Command-16x16.png"; sourceTree = "<group>"; };
		BF430AAE1AE929D20011EFD1 /* Icon-Slot-16x16.png */ = {isa = PBXFileReference; lastKnownFileType = image.png; path = "Icon-Slot-16x16.png"; sourceTree = "<group>"; };
		BF430AAF1AE929D20011EFD1 /* WhiteIPhone6-140x284.png */ = {isa = PBXFileReference; lastKnownFileType = image.png; path = "WhiteIPhone6-140x284.png"; sourceTree = "<group>"; };
		BF430AB81AE93A7C0011EFD1 /* USSDItemWrapper.swift */ = {isa = PBXFileReference; fileEncoding = 4; lastKnownFileType = sourcecode.swift; path = USSDItemWrapper.swift; sourceTree = "<group>"; };
		BF430ABA1AE93AE30011EFD1 /* USSDInsetWrapper.swift */ = {isa = PBXFileReference; fileEncoding = 4; lastKnownFileType = sourcecode.swift; path = USSDInsetWrapper.swift; sourceTree = "<group>"; };
		BF4FD4991AD5B8E400ABBDCA /* TargetSlot.swift */ = {isa = PBXFileReference; fileEncoding = 4; lastKnownFileType = sourcecode.swift; path = TargetSlot.swift; sourceTree = "<group>"; };
		BF5415091AE6C54D00DA14BA /* JSONParser.swift */ = {isa = PBXFileReference; fileEncoding = 4; lastKnownFileType = sourcecode.swift; path = JSONParser.swift; sourceTree = "<group>"; };
		BF54150C1AE6FB0900DA14BA /* StringExtensions.swift */ = {isa = PBXFileReference; fileEncoding = 4; lastKnownFileType = sourcecode.swift; path = StringExtensions.swift; sourceTree = "<group>"; };
		BF54150E1AE70F5000DA14BA /* WhiteiPhone-292x597.png */ = {isa = PBXFileReference; lastKnownFileType = image.png; path = "WhiteiPhone-292x597.png"; sourceTree = "<group>"; };
		BF5415111AE7109900DA14BA /* SimulatorWindow.swift */ = {isa = PBXFileReference; fileEncoding = 4; lastKnownFileType = sourcecode.swift; path = SimulatorWindow.swift; sourceTree = "<group>"; };
		BF5415131AE712DA00DA14BA /* SimulatorWindow.xib */ = {isa = PBXFileReference; fileEncoding = 4; lastKnownFileType = file.xib; path = SimulatorWindow.xib; sourceTree = "<group>"; };
		BF5415151AE7132F00DA14BA /* Simulator.swift */ = {isa = PBXFileReference; fileEncoding = 4; lastKnownFileType = sourcecode.swift; path = Simulator.swift; sourceTree = "<group>"; };
		BF5415191AE7228E00DA14BA /* SimulatorMenu.swift */ = {isa = PBXFileReference; fileEncoding = 4; lastKnownFileType = sourcecode.swift; path = SimulatorMenu.swift; sourceTree = "<group>"; };
		BF54151B1AE7249100DA14BA /* SimulatorMenuItem.swift */ = {isa = PBXFileReference; fileEncoding = 4; lastKnownFileType = sourcecode.swift; path = SimulatorMenuItem.swift; sourceTree = "<group>"; };
		BF54151D1AE733D900DA14BA /* SimulatorView.swift */ = {isa = PBXFileReference; fileEncoding = 4; lastKnownFileType = sourcecode.swift; path = SimulatorView.swift; sourceTree = "<group>"; };
		BF54151F1AE739FE00DA14BA /* Keyboard-236x137.png */ = {isa = PBXFileReference; lastKnownFileType = image.png; path = "Keyboard-236x137.png"; sourceTree = "<group>"; };
		BF5415251AE74C6000DA14BA /* BlackButton-107x42.png */ = {isa = PBXFileReference; lastKnownFileType = image.png; path = "BlackButton-107x42.png"; sourceTree = "<group>"; };
		BF5415261AE74C6000DA14BA /* WhiteButton-107x42.png */ = {isa = PBXFileReference; lastKnownFileType = image.png; path = "WhiteButton-107x42.png"; sourceTree = "<group>"; };
		BF5415291AE7572100DA14BA /* CallbackURL.swift */ = {isa = PBXFileReference; fileEncoding = 4; lastKnownFileType = sourcecode.swift; path = CallbackURL.swift; sourceTree = "<group>"; };
		BF54152B1AE77B5C00DA14BA /* NSColorExtensions.swift */ = {isa = PBXFileReference; fileEncoding = 4; lastKnownFileType = sourcecode.swift; path = NSColorExtensions.swift; sourceTree = "<group>"; };
		BF54152D1AE77F6E00DA14BA /* NSAttributedStringExtensions.swift */ = {isa = PBXFileReference; fileEncoding = 4; lastKnownFileType = sourcecode.swift; path = NSAttributedStringExtensions.swift; sourceTree = "<group>"; };
		BF7152981AD5918800CB15B6 /* GraphicsUtilities */ = {isa = PBXFileReference; fileEncoding = 4; lastKnownFileType = text; path = GraphicsUtilities; sourceTree = "<group>"; };
		BF71529A1AD5927700CB15B6 /* NSLineSegment.swift */ = {isa = PBXFileReference; fileEncoding = 4; lastKnownFileType = sourcecode.swift; path = NSLineSegment.swift; sourceTree = "<group>"; };
		BF996C041AD98329007DB769 /* socket-empty-grey-16x16.png */ = {isa = PBXFileReference; lastKnownFileType = image.png; path = "socket-empty-grey-16x16.png"; sourceTree = "<group>"; };
		BF996C061AD993F3007DB769 /* USSDActionMenuItem.swift */ = {isa = PBXFileReference; fileEncoding = 4; lastKnownFileType = sourcecode.swift; path = USSDActionMenuItem.swift; sourceTree = "<group>"; };
		BF996C081AD9971F007DB769 /* socket-action-empty-16x16.png */ = {isa = PBXFileReference; lastKnownFileType = image.png; path = "socket-action-empty-16x16.png"; sourceTree = "<group>"; };
		BF996C0A1AD9973F007DB769 /* ActionSlot.swift */ = {isa = PBXFileReference; fileEncoding = 4; lastKnownFileType = sourcecode.swift; path = ActionSlot.swift; sourceTree = "<group>"; };
		BFB804581ADF4FAC00CB8DBE /* JSON.txt */ = {isa = PBXFileReference; fileEncoding = 4; lastKnownFileType = text; path = JSON.txt; sourceTree = "<group>"; };
		BFD4261D1AD2AE44008C5009 /* USSDSpace.app */ = {isa = PBXFileReference; explicitFileType = wrapper.application; includeInIndex = 0; path = USSDSpace.app; sourceTree = BUILT_PRODUCTS_DIR; };
		BFD426211AD2AE44008C5009 /* Info.plist */ = {isa = PBXFileReference; lastKnownFileType = text.plist.xml; path = Info.plist; sourceTree = "<group>"; };
		BFD426221AD2AE44008C5009 /* AppDelegate.swift */ = {isa = PBXFileReference; lastKnownFileType = sourcecode.swift; path = AppDelegate.swift; sourceTree = "<group>"; };
		BFD426251AD2AE44008C5009 /* USSDSpace.xcdatamodel */ = {isa = PBXFileReference; lastKnownFileType = wrapper.xcdatamodel; path = USSDSpace.xcdatamodel; sourceTree = "<group>"; };
		BFD426271AD2AE44008C5009 /* Images.xcassets */ = {isa = PBXFileReference; lastKnownFileType = folder.assetcatalog; path = Images.xcassets; sourceTree = "<group>"; };
		BFD4262A1AD2AE44008C5009 /* Base */ = {isa = PBXFileReference; lastKnownFileType = file.xib; name = Base; path = Base.lproj/MainMenu.xib; sourceTree = "<group>"; };
		BFD426301AD2AE44008C5009 /* USSDSpaceTests.xctest */ = {isa = PBXFileReference; explicitFileType = wrapper.cfbundle; includeInIndex = 0; path = USSDSpaceTests.xctest; sourceTree = BUILT_PRODUCTS_DIR; };
		BFD426351AD2AE44008C5009 /* Info.plist */ = {isa = PBXFileReference; lastKnownFileType = text.plist.xml; path = Info.plist; sourceTree = "<group>"; };
		BFD426361AD2AE44008C5009 /* USSDSpaceTests.swift */ = {isa = PBXFileReference; lastKnownFileType = sourcecode.swift; path = USSDSpaceTests.swift; sourceTree = "<group>"; };
		BFD426441AD2AEF2008C5009 /* USSDWorkspace.swift */ = {isa = PBXFileReference; fileEncoding = 4; lastKnownFileType = sourcecode.swift; path = USSDWorkspace.swift; sourceTree = "<group>"; };
		BFD426461AD2AF10008C5009 /* DesignController.swift */ = {isa = PBXFileReference; fileEncoding = 4; lastKnownFileType = sourcecode.swift; path = DesignController.swift; sourceTree = "<group>"; };
		BFD426481AD2AF1C008C5009 /* DesignView.swift */ = {isa = PBXFileReference; fileEncoding = 4; lastKnownFileType = sourcecode.swift; path = DesignView.swift; sourceTree = "<group>"; };
		BFD4264A1AD2AF45008C5009 /* USSDElement.swift */ = {isa = PBXFileReference; fileEncoding = 4; lastKnownFileType = sourcecode.swift; path = USSDElement.swift; sourceTree = "<group>"; };
		BFD4264C1AD2AF57008C5009 /* USSDMenu.swift */ = {isa = PBXFileReference; fileEncoding = 4; lastKnownFileType = sourcecode.swift; path = USSDMenu.swift; sourceTree = "<group>"; };
		BFD4264E1AD2AF85008C5009 /* USSDMenuItem.swift */ = {isa = PBXFileReference; fileEncoding = 4; lastKnownFileType = sourcecode.swift; path = USSDMenuItem.swift; sourceTree = "<group>"; };
		BFD426501AD2AF9B008C5009 /* USSDMenuTitleItem.swift */ = {isa = PBXFileReference; fileEncoding = 4; lastKnownFileType = sourcecode.swift; path = USSDMenuTitleItem.swift; sourceTree = "<group>"; };
		BFD426521AD2B18C008C5009 /* USSDTextElement.swift */ = {isa = PBXFileReference; fileEncoding = 4; lastKnownFileType = sourcecode.swift; path = USSDTextElement.swift; sourceTree = "<group>"; };
		BFD426561AD2BE00008C5009 /* UFXStylist.swift */ = {isa = PBXFileReference; fileEncoding = 4; lastKnownFileType = sourcecode.swift; path = UFXStylist.swift; sourceTree = "<group>"; };
		BFD426581AD2D558008C5009 /* NSPointExtensions.swift */ = {isa = PBXFileReference; fileEncoding = 4; lastKnownFileType = sourcecode.swift; path = NSPointExtensions.swift; sourceTree = "<group>"; };
		BFD4265B1AD2D7A0008C5009 /* SelectionHolder.swift */ = {isa = PBXFileReference; fileEncoding = 4; lastKnownFileType = sourcecode.swift; path = SelectionHolder.swift; sourceTree = "<group>"; };
		BFD4265D1AD2D96C008C5009 /* Selectable.swift */ = {isa = PBXFileReference; fileEncoding = 4; lastKnownFileType = sourcecode.swift; path = Selectable.swift; sourceTree = "<group>"; };
		BFE1A4081AD304600020A7E6 /* socket-empty-16x16.png */ = {isa = PBXFileReference; lastKnownFileType = image.png; path = "socket-empty-16x16.png"; sourceTree = "<group>"; };
		BFE1A4091AD304600020A7E6 /* socket-full-16x16.png */ = {isa = PBXFileReference; lastKnownFileType = image.png; path = "socket-full-16x16.png"; sourceTree = "<group>"; };
		BFE1A40C1AD305650020A7E6 /* USSDMenuEntry.swift */ = {isa = PBXFileReference; fileEncoding = 4; lastKnownFileType = sourcecode.swift; path = USSDMenuEntry.swift; sourceTree = "<group>"; };
		BFE1A40E1AD310360020A7E6 /* NSRectExtensions.swift */ = {isa = PBXFileReference; fileEncoding = 4; lastKnownFileType = sourcecode.swift; path = NSRectExtensions.swift; sourceTree = "<group>"; };
		BFE1A4101AD317090020A7E6 /* iPhone6BlackUSSD-170x347.png */ = {isa = PBXFileReference; lastKnownFileType = image.png; path = "iPhone6BlackUSSD-170x347.png"; sourceTree = "<group>"; };
		BFE1A4121AD3217F0020A7E6 /* iPhone6WhiteUSSD-170x347.png */ = {isa = PBXFileReference; lastKnownFileType = image.png; path = "iPhone6WhiteUSSD-170x347.png"; sourceTree = "<group>"; };
		BFE1A4141AD329DA0020A7E6 /* LinkManagementLayer.swift */ = {isa = PBXFileReference; fileEncoding = 4; lastKnownFileType = sourcecode.swift; path = LinkManagementLayer.swift; sourceTree = "<group>"; };
		BFE1A4161AD32A6E0020A7E6 /* SlotLink.swift */ = {isa = PBXFileReference; fileEncoding = 4; lastKnownFileType = sourcecode.swift; path = SlotLink.swift; sourceTree = "<group>"; };
		BFE1A4181AD32F310020A7E6 /* NSBezierPathExtensions.swift */ = {isa = PBXFileReference; fileEncoding = 4; lastKnownFileType = sourcecode.swift; path = NSBezierPathExtensions.swift; sourceTree = "<group>"; };
		BFE1A41C1AD331DB0020A7E6 /* Slot.swift */ = {isa = PBXFileReference; fileEncoding = 4; lastKnownFileType = sourcecode.swift; path = Slot.swift; sourceTree = "<group>"; };
		BFE1A41E1AD332570020A7E6 /* SlotSet.swift */ = {isa = PBXFileReference; fileEncoding = 4; lastKnownFileType = sourcecode.swift; path = SlotSet.swift; sourceTree = "<group>"; };
/* End PBXFileReference section */

/* Begin PBXFrameworksBuildPhase section */
		BFD4261A1AD2AE44008C5009 /* Frameworks */ = {
			isa = PBXFrameworksBuildPhase;
			buildActionMask = 2147483647;
			files = (
			);
			runOnlyForDeploymentPostprocessing = 0;
		};
		BFD4262D1AD2AE44008C5009 /* Frameworks */ = {
			isa = PBXFrameworksBuildPhase;
			buildActionMask = 2147483647;
			files = (
			);
			runOnlyForDeploymentPostprocessing = 0;
		};
/* End PBXFrameworksBuildPhase section */

/* Begin PBXGroup section */
		BF23E38A1ADF1BAA007B370F /* Deployment */ = {
			isa = PBXGroup;
			children = (
				BF23E38B1ADF1BC4007B370F /* USSDManagerService.swift */,
				BF34844C1AE8A6B000F4180C /* USSDEngineService.swift */,
			);
			name = Deployment;
			sourceTree = "<group>";
		};
		BF3484251AE8528700F4180C /* Scripting */ = {
			isa = PBXGroup;
			children = (
				BF3484261AE8529B00F4180C /* Script.swift */,
				BF3484441AE887B000F4180C /* ScriptBrowserController.swift */,
				BF3484381AE8833400F4180C /* ScriptEntry.swift */,
				BF34843E1AE8837C00F4180C /* ScriptEntryLoop.swift */,
				BF3484401AE8875500F4180C /* ScriptEntrySelect.swift */,
				BF34843A1AE8834C00F4180C /* ScriptEntryStart.swift */,
				BF34843C1AE8835C00F4180C /* ScriptEntryStop.swift */,
				BF3484231AE8528100F4180C /* ScriptRecorder.swift */,
			);
			name = Scripting;
			sourceTree = "<group>";
		};
		BF430AAB1AE929980011EFD1 /* Design Item Resources */ = {
			isa = PBXGroup;
			children = (
				BF430AAC1AE929D20011EFD1 /* Icon-Action-16x16.png */,
				BF430AAD1AE929D20011EFD1 /* Icon-Command-16x16.png */,
				BF430AAE1AE929D20011EFD1 /* Icon-Slot-16x16.png */,
				BF430AAF1AE929D20011EFD1 /* WhiteIPhone6-140x284.png */,
			);
			name = "Design Item Resources";
			sourceTree = "<group>";
		};
		BF54150B1AE6FADF00DA14BA /* Utilities and Extensions */ = {
			isa = PBXGroup;
			children = (
				BF34841D1AE820F100F4180C /* AuthenticationPacket.swift */,
				BF5415091AE6C54D00DA14BA /* JSONParser.swift */,
				BF54152D1AE77F6E00DA14BA /* NSAttributedStringExtensions.swift */,
				BFE1A4181AD32F310020A7E6 /* NSBezierPathExtensions.swift */,
				BF54152B1AE77B5C00DA14BA /* NSColorExtensions.swift */,
				BF71529A1AD5927700CB15B6 /* NSLineSegment.swift */,
				BFD426581AD2D558008C5009 /* NSPointExtensions.swift */,
				BFE1A40E1AD310360020A7E6 /* NSRectExtensions.swift */,
				BF54150C1AE6FB0900DA14BA /* StringExtensions.swift */,
			);
			name = "Utilities and Extensions";
			sourceTree = "<group>";
		};
		BF5415101AE7107C00DA14BA /* Simulator */ = {
			isa = PBXGroup;
			children = (
				BF5415291AE7572100DA14BA /* CallbackURL.swift */,
				BF430AA01AE91AB60011EFD1 /* SimulationContext.swift */,
				BF5415151AE7132F00DA14BA /* Simulator.swift */,
				BF5415191AE7228E00DA14BA /* SimulatorMenu.swift */,
				BF54151B1AE7249100DA14BA /* SimulatorMenuItem.swift */,
				BF54151D1AE733D900DA14BA /* SimulatorView.swift */,
				BF5415111AE7109900DA14BA /* SimulatorWindow.swift */,
				BF5415131AE712DA00DA14BA /* SimulatorWindow.xib */,
			);
			name = Simulator;
			sourceTree = "<group>";
		};
		BFD426141AD2AE44008C5009 = {
			isa = PBXGroup;
			children = (
				BF3EC9841AE7E41A00140D82 /* USSDDocument.png */,
				BFD4261F1AD2AE44008C5009 /* USSDSpace */,
				BFD426331AD2AE44008C5009 /* USSDSpaceTests */,
				BFD4261E1AD2AE44008C5009 /* Products */,
			);
			sourceTree = "<group>";
		};
		BFD4261E1AD2AE44008C5009 /* Products */ = {
			isa = PBXGroup;
			children = (
				BFD4261D1AD2AE44008C5009 /* USSDSpace.app */,
				BFD426301AD2AE44008C5009 /* USSDSpaceTests.xctest */,
			);
			name = Products;
			sourceTree = "<group>";
		};
		BFD4261F1AD2AE44008C5009 /* USSDSpace */ = {
			isa = PBXGroup;
			children = (
				BF430AAB1AE929980011EFD1 /* Design Item Resources */,
				BF3484251AE8528700F4180C /* Scripting */,
				BFD426411AD2AE96008C5009 /* Application Related */,
				BF23E38A1ADF1BAA007B370F /* Deployment */,
				BFD426401AD2AE88008C5009 /* Resources */,
				BF5415101AE7107C00DA14BA /* Simulator */,
				BFD426201AD2AE44008C5009 /* Supporting Files */,
				BFD426431AD2AEC4008C5009 /* UFX */,
				BF54150B1AE6FADF00DA14BA /* Utilities and Extensions */,
				BFD4265A1AD2D78E008C5009 /* Value Models */,
			);
			path = USSDSpace;
			sourceTree = "<group>";
		};
		BFD426201AD2AE44008C5009 /* Supporting Files */ = {
			isa = PBXGroup;
			children = (
				BF7152981AD5918800CB15B6 /* GraphicsUtilities */,
				BFD426211AD2AE44008C5009 /* Info.plist */,
			);
			name = "Supporting Files";
			sourceTree = "<group>";
		};
		BFD426331AD2AE44008C5009 /* USSDSpaceTests */ = {
			isa = PBXGroup;
			children = (
				BFD426361AD2AE44008C5009 /* USSDSpaceTests.swift */,
				BFD426341AD2AE44008C5009 /* Supporting Files */,
			);
			path = USSDSpaceTests;
			sourceTree = "<group>";
		};
		BFD426341AD2AE44008C5009 /* Supporting Files */ = {
			isa = PBXGroup;
			children = (
				BFD426351AD2AE44008C5009 /* Info.plist */,
			);
			name = "Supporting Files";
			sourceTree = "<group>";
		};
		BFD426401AD2AE88008C5009 /* Resources */ = {
			isa = PBXGroup;
			children = (
				BF23E3821ADED1DB007B370F /* ActionItemEditorView.xib */,
				BF5415251AE74C6000DA14BA /* BlackButton-107x42.png */,
				BF34841F1AE838D000F4180C /* ErrorSheet.xib */,
				BFD426271AD2AE44008C5009 /* Images.xcassets */,
				BFE1A4101AD317090020A7E6 /* iPhone6BlackUSSD-170x347.png */,
				BFE1A4121AD3217F0020A7E6 /* iPhone6WhiteUSSD-170x347.png */,
				BF54151F1AE739FE00DA14BA /* Keyboard-236x137.png */,
				BF34842C1AE86B2100F4180C /* left-empty-peg-16x16.png */,
				BF3484341AE8767D00F4180C /* left-full-peg-16x16.png */,
				BFD426291AD2AE44008C5009 /* MainMenu.xib */,
				BF34842A1AE86A3200F4180C /* right-empty-peg-16x16.png */,
				BF3484351AE8767D00F4180C /* right-full-peg-16x16.png */,
				BF3484421AE8878500F4180C /* ScriptBrowser.xib */,
				BF996C081AD9971F007DB769 /* socket-action-empty-16x16.png */,
				BFE1A4081AD304600020A7E6 /* socket-empty-16x16.png */,
				BF996C041AD98329007DB769 /* socket-empty-grey-16x16.png */,
				BFE1A4091AD304600020A7E6 /* socket-full-16x16.png */,
				BFD426241AD2AE44008C5009 /* USSDSpace.xcdatamodeld */,
				BF5415261AE74C6000DA14BA /* WhiteButton-107x42.png */,
				BF54150E1AE70F5000DA14BA /* WhiteiPhone-292x597.png */,
			);
			name = Resources;
			sourceTree = "<group>";
		};
		BFD426411AD2AE96008C5009 /* Application Related */ = {
			isa = PBXGroup;
			children = (
				BFD426221AD2AE44008C5009 /* AppDelegate.swift */,
			);
			name = "Application Related";
			sourceTree = "<group>";
		};
		BFD426431AD2AEC4008C5009 /* UFX */ = {
			isa = PBXGroup;
			children = (
				BF23E3841ADED312007B370F /* ActionItemEditor.swift */,
				BF996C0A1AD9973F007DB769 /* ActionSlot.swift */,
				BF3484321AE86E6E00F4180C /* ActionSlotLink.swift */,
				BFD426461AD2AF10008C5009 /* DesignController.swift */,
				BFD426481AD2AF1C008C5009 /* DesignView.swift */,
				BF3484211AE8398600F4180C /* ErrorSheet.swift */,
				BFB804581ADF4FAC00CB8DBE /* JSON.txt */,
				BFE1A4141AD329DA0020A7E6 /* LinkManagementLayer.swift */,
				BF3484281AE8669400F4180C /* OldMenuAction.swift */,
				BFE1A41C1AD331DB0020A7E6 /* Slot.swift */,
				BFE1A4161AD32A6E0020A7E6 /* SlotLink.swift */,
				BFE1A41E1AD332570020A7E6 /* SlotSet.swift */,
				BF4FD4991AD5B8E400ABBDCA /* TargetSlot.swift */,
				BFD426561AD2BE00008C5009 /* UFXStylist.swift */,
				BF996C061AD993F3007DB769 /* USSDActionMenuItem.swift */,
				BFD4264A1AD2AF45008C5009 /* USSDElement.swift */,
				BF3484461AE8966C00F4180C /* USSDEntryFieldMenuItem.swift */,
				BF430ABA1AE93AE30011EFD1 /* USSDInsetWrapper.swift */,
				BF34844A1AE89DF900F4180C /* USSDItem.swift */,
				BF430AB81AE93A7C0011EFD1 /* USSDItemWrapper.swift */,
				BFD4264C1AD2AF57008C5009 /* USSDMenu.swift */,
				BFE1A40C1AD305650020A7E6 /* USSDMenuEntry.swift */,
				BFD4264E1AD2AF85008C5009 /* USSDMenuItem.swift */,
				BF23E3881ADEE220007B370F /* USSDMenuNameItem.swift */,
				BFD426501AD2AF9B008C5009 /* USSDMenuTitleItem.swift */,
				BFD426521AD2B18C008C5009 /* USSDTextElement.swift */,
				BFD426441AD2AEF2008C5009 /* USSDWorkspace.swift */,
			);
			name = UFX;
			sourceTree = "<group>";
		};
		BFD4265A1AD2D78E008C5009 /* Value Models */ = {
			isa = PBXGroup;
			children = (
				BFD4265B1AD2D7A0008C5009 /* SelectionHolder.swift */,
				BFD4265D1AD2D96C008C5009 /* Selectable.swift */,
			);
			name = "Value Models";
			sourceTree = "<group>";
		};
/* End PBXGroup section */

/* Begin PBXNativeTarget section */
		BFD4261C1AD2AE44008C5009 /* USSDSpace */ = {
			isa = PBXNativeTarget;
			buildConfigurationList = BFD4263A1AD2AE44008C5009 /* Build configuration list for PBXNativeTarget "USSDSpace" */;
			buildPhases = (
				BFD426191AD2AE44008C5009 /* Sources */,
				BFD4261A1AD2AE44008C5009 /* Frameworks */,
				BFD4261B1AD2AE44008C5009 /* Resources */,
			);
			buildRules = (
			);
			dependencies = (
			);
			name = USSDSpace;
			productName = USSDSpace;
			productReference = BFD4261D1AD2AE44008C5009 /* USSDSpace.app */;
			productType = "com.apple.product-type.application";
		};
		BFD4262F1AD2AE44008C5009 /* USSDSpaceTests */ = {
			isa = PBXNativeTarget;
			buildConfigurationList = BFD4263D1AD2AE44008C5009 /* Build configuration list for PBXNativeTarget "USSDSpaceTests" */;
			buildPhases = (
				BFD4262C1AD2AE44008C5009 /* Sources */,
				BFD4262D1AD2AE44008C5009 /* Frameworks */,
				BFD4262E1AD2AE44008C5009 /* Resources */,
			);
			buildRules = (
			);
			dependencies = (
				BFD426321AD2AE44008C5009 /* PBXTargetDependency */,
			);
			name = USSDSpaceTests;
			productName = USSDSpaceTests;
			productReference = BFD426301AD2AE44008C5009 /* USSDSpaceTests.xctest */;
			productType = "com.apple.product-type.bundle.unit-test";
		};
/* End PBXNativeTarget section */

/* Begin PBXProject section */
		BFD426151AD2AE44008C5009 /* Project object */ = {
			isa = PBXProject;
			attributes = {
				LastUpgradeCheck = 0630;
				ORGANIZATIONNAME = Olamide;
				TargetAttributes = {
					BFD4261C1AD2AE44008C5009 = {
						CreatedOnToolsVersion = 6.3;
					};
					BFD4262F1AD2AE44008C5009 = {
						CreatedOnToolsVersion = 6.3;
						TestTargetID = BFD4261C1AD2AE44008C5009;
					};
				};
			};
			buildConfigurationList = BFD426181AD2AE44008C5009 /* Build configuration list for PBXProject "USSDSpace" */;
			compatibilityVersion = "Xcode 3.2";
			developmentRegion = English;
			hasScannedForEncodings = 0;
			knownRegions = (
				en,
				Base,
			);
			mainGroup = BFD426141AD2AE44008C5009;
			productRefGroup = BFD4261E1AD2AE44008C5009 /* Products */;
			projectDirPath = "";
			projectRoot = "";
			targets = (
				BFD4261C1AD2AE44008C5009 /* USSDSpace */,
				BFD4262F1AD2AE44008C5009 /* USSDSpaceTests */,
			);
		};
/* End PBXProject section */

/* Begin PBXResourcesBuildPhase section */
		BFD4261B1AD2AE44008C5009 /* Resources */ = {
			isa = PBXResourcesBuildPhase;
			buildActionMask = 2147483647;
			files = (
				BFE1A40B1AD304600020A7E6 /* socket-full-16x16.png in Resources */,
				BF23E3831ADED1DB007B370F /* ActionItemEditorView.xib in Resources */,
				BF3484361AE8767D00F4180C /* left-full-peg-16x16.png in Resources */,
				BF3484371AE8767D00F4180C /* right-full-peg-16x16.png in Resources */,
				BFE1A4131AD3217F0020A7E6 /* iPhone6WhiteUSSD-170x347.png in Resources */,
				BF5415201AE739FE00DA14BA /* Keyboard-236x137.png in Resources */,
				BF3484201AE838D000F4180C /* ErrorSheet.xib in Resources */,
				BF5415141AE712DA00DA14BA /* SimulatorWindow.xib in Resources */,
				BFB804591ADF4FAC00CB8DBE /* JSON.txt in Resources */,
				BF996C051AD98329007DB769 /* socket-empty-grey-16x16.png in Resources */,
				BF54150F1AE70F5000DA14BA /* WhiteiPhone-292x597.png in Resources */,
				BF7152991AD5918800CB15B6 /* GraphicsUtilities in Resources */,
				BF3EC9851AE7E41A00140D82 /* USSDDocument.png in Resources */,
				BF5415281AE74C6000DA14BA /* WhiteButton-107x42.png in Resources */,
				BF430AB11AE929D20011EFD1 /* Icon-Command-16x16.png in Resources */,
				BF430AB21AE929D20011EFD1 /* Icon-Slot-16x16.png in Resources */,
				BFD426281AD2AE44008C5009 /* Images.xcassets in Resources */,
				BFE1A40A1AD304600020A7E6 /* socket-empty-16x16.png in Resources */,
				BF34842D1AE86B2100F4180C /* left-empty-peg-16x16.png in Resources */,
				BF3484431AE8878500F4180C /* ScriptBrowser.xib in Resources */,
				BF5415271AE74C6000DA14BA /* BlackButton-107x42.png in Resources */,
				BF34842B1AE86A3200F4180C /* right-empty-peg-16x16.png in Resources */,
				BF996C091AD9971F007DB769 /* socket-action-empty-16x16.png in Resources */,
				BFE1A4111AD317090020A7E6 /* iPhone6BlackUSSD-170x347.png in Resources */,
				BFD4262B1AD2AE44008C5009 /* MainMenu.xib in Resources */,
				BF430AB31AE929D20011EFD1 /* WhiteIPhone6-140x284.png in Resources */,
				BF430AB01AE929D20011EFD1 /* Icon-Action-16x16.png in Resources */,
			);
			runOnlyForDeploymentPostprocessing = 0;
		};
		BFD4262E1AD2AE44008C5009 /* Resources */ = {
			isa = PBXResourcesBuildPhase;
			buildActionMask = 2147483647;
			files = (
			);
			runOnlyForDeploymentPostprocessing = 0;
		};
/* End PBXResourcesBuildPhase section */

/* Begin PBXSourcesBuildPhase section */
		BFD426191AD2AE44008C5009 /* Sources */ = {
			isa = PBXSourcesBuildPhase;
			buildActionMask = 2147483647;
			files = (
				BFD4264F1AD2AF85008C5009 /* USSDMenuItem.swift in Sources */,
				BF34841E1AE820F100F4180C /* AuthenticationPacket.swift in Sources */,
				BF23E3891ADEE220007B370F /* USSDMenuNameItem.swift in Sources */,
				BF54150A1AE6C54D00DA14BA /* JSONParser.swift in Sources */,
				BF34844B1AE89DF900F4180C /* USSDItem.swift in Sources */,
				BF34843D1AE8835C00F4180C /* ScriptEntryStop.swift in Sources */,
				BF54151A1AE7228E00DA14BA /* SimulatorMenu.swift in Sources */,
				BF996C0B1AD9973F007DB769 /* ActionSlot.swift in Sources */,
				BF54151C1AE7249100DA14BA /* SimulatorMenuItem.swift in Sources */,
				BFD426591AD2D558008C5009 /* NSPointExtensions.swift in Sources */,
				BF71529B1AD5927700CB15B6 /* NSLineSegment.swift in Sources */,
				BF3484411AE8875500F4180C /* ScriptEntrySelect.swift in Sources */,
				BF430AB91AE93A7C0011EFD1 /* USSDItemWrapper.swift in Sources */,
				BF3484331AE86E6E00F4180C /* ActionSlotLink.swift in Sources */,
				BFE1A4171AD32A6E0020A7E6 /* SlotLink.swift in Sources */,
				BFE1A4151AD329DA0020A7E6 /* LinkManagementLayer.swift in Sources */,
				BFD426451AD2AEF2008C5009 /* USSDWorkspace.swift in Sources */,
				BF430AA11AE91AB60011EFD1 /* SimulationContext.swift in Sources */,
				BFD426531AD2B18C008C5009 /* USSDTextElement.swift in Sources */,
				BFE1A40D1AD305650020A7E6 /* USSDMenuEntry.swift in Sources */,
				BF996C071AD993F3007DB769 /* USSDActionMenuItem.swift in Sources */,
				BFD426231AD2AE44008C5009 /* AppDelegate.swift in Sources */,
				BFE1A4191AD32F310020A7E6 /* NSBezierPathExtensions.swift in Sources */,
				BF5415121AE7109900DA14BA /* SimulatorWindow.swift in Sources */,
				BF3484451AE887B100F4180C /* ScriptBrowserController.swift in Sources */,
				BF34844D1AE8A6B000F4180C /* USSDEngineService.swift in Sources */,
				BFD426511AD2AF9B008C5009 /* USSDMenuTitleItem.swift in Sources */,
				BF54151E1AE733D900DA14BA /* SimulatorView.swift in Sources */,
				BF23E3851ADED312007B370F /* ActionItemEditor.swift in Sources */,
				BF3484291AE8669400F4180C /* OldMenuAction.swift in Sources */,
				BFD4265C1AD2D7A0008C5009 /* SelectionHolder.swift in Sources */,
				BF3484271AE8529B00F4180C /* Script.swift in Sources */,
				BF3484221AE8398600F4180C /* ErrorSheet.swift in Sources */,
				BF34843B1AE8834C00F4180C /* ScriptEntryStart.swift in Sources */,
				BFE1A41F1AD332570020A7E6 /* SlotSet.swift in Sources */,
				BFD426571AD2BE00008C5009 /* UFXStylist.swift in Sources */,
				BF430ABB1AE93AE30011EFD1 /* USSDInsetWrapper.swift in Sources */,
				BF54152E1AE77F6E00DA14BA /* NSAttributedStringExtensions.swift in Sources */,
				BFD426491AD2AF1C008C5009 /* DesignView.swift in Sources */,
				BF54152A1AE7572100DA14BA /* CallbackURL.swift in Sources */,
				BF34843F1AE8837C00F4180C /* ScriptEntryLoop.swift in Sources */,
				BF3484391AE8833400F4180C /* ScriptEntry.swift in Sources */,
				BF3484471AE8966C00F4180C /* USSDEntryFieldMenuItem.swift in Sources */,
				BFD4264B1AD2AF45008C5009 /* USSDElement.swift in Sources */,
				BF3484241AE8528100F4180C /* ScriptRecorder.swift in Sources */,
				BFD426261AD2AE44008C5009 /* USSDSpace.xcdatamodeld in Sources */,
				BF54150D1AE6FB0900DA14BA /* StringExtensions.swift in Sources */,
				BFD426471AD2AF10008C5009 /* DesignController.swift in Sources */,
				BF23E38C1ADF1BC4007B370F /* USSDManagerService.swift in Sources */,
				BF5415161AE7132F00DA14BA /* Simulator.swift in Sources */,
				BF4FD49A1AD5B8E400ABBDCA /* TargetSlot.swift in Sources */,
				BFE1A40F1AD310360020A7E6 /* NSRectExtensions.swift in Sources */,
				BF54152C1AE77B5C00DA14BA /* NSColorExtensions.swift in Sources */,
				BFD4264D1AD2AF57008C5009 /* USSDMenu.swift in Sources */,
				BFD4265E1AD2D96C008C5009 /* Selectable.swift in Sources */,
				BFE1A41D1AD331DB0020A7E6 /* Slot.swift in Sources */,
			);
			runOnlyForDeploymentPostprocessing = 0;
		};
		BFD4262C1AD2AE44008C5009 /* Sources */ = {
			isa = PBXSourcesBuildPhase;
			buildActionMask = 2147483647;
			files = (
				BFD426371AD2AE44008C5009 /* USSDSpaceTests.swift in Sources */,
			);
			runOnlyForDeploymentPostprocessing = 0;
		};
/* End PBXSourcesBuildPhase section */

/* Begin PBXTargetDependency section */
		BFD426321AD2AE44008C5009 /* PBXTargetDependency */ = {
			isa = PBXTargetDependency;
			target = BFD4261C1AD2AE44008C5009 /* USSDSpace */;
			targetProxy = BFD426311AD2AE44008C5009 /* PBXContainerItemProxy */;
		};
/* End PBXTargetDependency section */

/* Begin PBXVariantGroup section */
		BFD426291AD2AE44008C5009 /* MainMenu.xib */ = {
			isa = PBXVariantGroup;
			children = (
				BFD4262A1AD2AE44008C5009 /* Base */,
			);
			name = MainMenu.xib;
			sourceTree = "<group>";
		};
/* End PBXVariantGroup section */

/* Begin XCBuildConfiguration section */
		BFD426381AD2AE44008C5009 /* Debug */ = {
			isa = XCBuildConfiguration;
			buildSettings = {
				ALWAYS_SEARCH_USER_PATHS = NO;
				CLANG_CXX_LANGUAGE_STANDARD = "gnu++0x";
				CLANG_CXX_LIBRARY = "libc++";
				CLANG_ENABLE_MODULES = YES;
				CLANG_ENABLE_OBJC_ARC = YES;
				CLANG_WARN_BOOL_CONVERSION = YES;
				CLANG_WARN_CONSTANT_CONVERSION = YES;
				CLANG_WARN_DIRECT_OBJC_ISA_USAGE = YES_ERROR;
				CLANG_WARN_EMPTY_BODY = YES;
				CLANG_WARN_ENUM_CONVERSION = YES;
				CLANG_WARN_INT_CONVERSION = YES;
				CLANG_WARN_OBJC_ROOT_CLASS = YES_ERROR;
				CLANG_WARN_UNREACHABLE_CODE = YES;
				CLANG_WARN__DUPLICATE_METHOD_MATCH = YES;
				CODE_SIGN_IDENTITY = "-";
				COPY_PHASE_STRIP = NO;
				DEBUG_INFORMATION_FORMAT = dwarf;
				ENABLE_STRICT_OBJC_MSGSEND = YES;
				GCC_C_LANGUAGE_STANDARD = gnu99;
				GCC_DYNAMIC_NO_PIC = NO;
				GCC_NO_COMMON_BLOCKS = YES;
				GCC_OPTIMIZATION_LEVEL = 0;
				GCC_PREPROCESSOR_DEFINITIONS = (
					"DEBUG=1",
					"$(inherited)",
				);
				GCC_SYMBOLS_PRIVATE_EXTERN = NO;
				GCC_WARN_64_TO_32_BIT_CONVERSION = YES;
				GCC_WARN_ABOUT_RETURN_TYPE = YES_ERROR;
				GCC_WARN_UNDECLARED_SELECTOR = YES;
				GCC_WARN_UNINITIALIZED_AUTOS = YES_AGGRESSIVE;
				GCC_WARN_UNUSED_FUNCTION = YES;
				GCC_WARN_UNUSED_VARIABLE = YES;
				MACOSX_DEPLOYMENT_TARGET = 10.10;
				MTL_ENABLE_DEBUG_INFO = YES;
				ONLY_ACTIVE_ARCH = YES;
				SDKROOT = macosx;
				SWIFT_OPTIMIZATION_LEVEL = "-Onone";
			};
			name = Debug;
		};
		BFD426391AD2AE44008C5009 /* Release */ = {
			isa = XCBuildConfiguration;
			buildSettings = {
				ALWAYS_SEARCH_USER_PATHS = NO;
				CLANG_CXX_LANGUAGE_STANDARD = "gnu++0x";
				CLANG_CXX_LIBRARY = "libc++";
				CLANG_ENABLE_MODULES = YES;
				CLANG_ENABLE_OBJC_ARC = YES;
				CLANG_WARN_BOOL_CONVERSION = YES;
				CLANG_WARN_CONSTANT_CONVERSION = YES;
				CLANG_WARN_DIRECT_OBJC_ISA_USAGE = YES_ERROR;
				CLANG_WARN_EMPTY_BODY = YES;
				CLANG_WARN_ENUM_CONVERSION = YES;
				CLANG_WARN_INT_CONVERSION = YES;
				CLANG_WARN_OBJC_ROOT_CLASS = YES_ERROR;
				CLANG_WARN_UNREACHABLE_CODE = YES;
				CLANG_WARN__DUPLICATE_METHOD_MATCH = YES;
				CODE_SIGN_IDENTITY = "-";
				COPY_PHASE_STRIP = NO;
				DEBUG_INFORMATION_FORMAT = "dwarf-with-dsym";
				ENABLE_NS_ASSERTIONS = NO;
				ENABLE_STRICT_OBJC_MSGSEND = YES;
				GCC_C_LANGUAGE_STANDARD = gnu99;
				GCC_NO_COMMON_BLOCKS = YES;
				GCC_WARN_64_TO_32_BIT_CONVERSION = YES;
				GCC_WARN_ABOUT_RETURN_TYPE = YES_ERROR;
				GCC_WARN_UNDECLARED_SELECTOR = YES;
				GCC_WARN_UNINITIALIZED_AUTOS = YES_AGGRESSIVE;
				GCC_WARN_UNUSED_FUNCTION = YES;
				GCC_WARN_UNUSED_VARIABLE = YES;
				MACOSX_DEPLOYMENT_TARGET = 10.10;
				MTL_ENABLE_DEBUG_INFO = NO;
				SDKROOT = macosx;
			};
			name = Release;
		};
		BFD4263B1AD2AE44008C5009 /* Debug */ = {
			isa = XCBuildConfiguration;
			buildSettings = {
				ASSETCATALOG_COMPILER_APPICON_NAME = AppIcon;
				COMBINE_HIDPI_IMAGES = YES;
				INFOPLIST_FILE = USSDSpace/Info.plist;
				LD_RUNPATH_SEARCH_PATHS = "$(inherited) @executable_path/../Frameworks";
				PRODUCT_NAME = "$(TARGET_NAME)";
			};
			name = Debug;
		};
		BFD4263C1AD2AE44008C5009 /* Release */ = {
			isa = XCBuildConfiguration;
			buildSettings = {
				ASSETCATALOG_COMPILER_APPICON_NAME = AppIcon;
				COMBINE_HIDPI_IMAGES = YES;
				INFOPLIST_FILE = USSDSpace/Info.plist;
				LD_RUNPATH_SEARCH_PATHS = "$(inherited) @executable_path/../Frameworks";
				PRODUCT_NAME = "$(TARGET_NAME)";
			};
			name = Release;
		};
		BFD4263E1AD2AE44008C5009 /* Debug */ = {
			isa = XCBuildConfiguration;
			buildSettings = {
				BUNDLE_LOADER = "$(TEST_HOST)";
				COMBINE_HIDPI_IMAGES = YES;
				FRAMEWORK_SEARCH_PATHS = (
					"$(DEVELOPER_FRAMEWORKS_DIR)",
					"$(inherited)",
				);
				GCC_PREPROCESSOR_DEFINITIONS = (
					"DEBUG=1",
					"$(inherited)",
				);
				INFOPLIST_FILE = USSDSpaceTests/Info.plist;
				LD_RUNPATH_SEARCH_PATHS = "$(inherited) @executable_path/../Frameworks @loader_path/../Frameworks";
				PRODUCT_NAME = "$(TARGET_NAME)";
				TEST_HOST = "$(BUILT_PRODUCTS_DIR)/USSDSpace.app/Contents/MacOS/USSDSpace";
			};
			name = Debug;
		};
		BFD4263F1AD2AE44008C5009 /* Release */ = {
			isa = XCBuildConfiguration;
			buildSettings = {
				BUNDLE_LOADER = "$(TEST_HOST)";
				COMBINE_HIDPI_IMAGES = YES;
				FRAMEWORK_SEARCH_PATHS = (
					"$(DEVELOPER_FRAMEWORKS_DIR)",
					"$(inherited)",
				);
				INFOPLIST_FILE = USSDSpaceTests/Info.plist;
				LD_RUNPATH_SEARCH_PATHS = "$(inherited) @executable_path/../Frameworks @loader_path/../Frameworks";
				PRODUCT_NAME = "$(TARGET_NAME)";
				TEST_HOST = "$(BUILT_PRODUCTS_DIR)/USSDSpace.app/Contents/MacOS/USSDSpace";
			};
			name = Release;
		};
/* End XCBuildConfiguration section */

/* Begin XCConfigurationList section */
		BFD426181AD2AE44008C5009 /* Build configuration list for PBXProject "USSDSpace" */ = {
			isa = XCConfigurationList;
			buildConfigurations = (
				BFD426381AD2AE44008C5009 /* Debug */,
				BFD426391AD2AE44008C5009 /* Release */,
			);
			defaultConfigurationIsVisible = 0;
			defaultConfigurationName = Release;
		};
		BFD4263A1AD2AE44008C5009 /* Build configuration list for PBXNativeTarget "USSDSpace" */ = {
			isa = XCConfigurationList;
			buildConfigurations = (
				BFD4263B1AD2AE44008C5009 /* Debug */,
				BFD4263C1AD2AE44008C5009 /* Release */,
			);
			defaultConfigurationIsVisible = 0;
			defaultConfigurationName = Release;
		};
		BFD4263D1AD2AE44008C5009 /* Build configuration list for PBXNativeTarget "USSDSpaceTests" */ = {
			isa = XCConfigurationList;
			buildConfigurations = (
				BFD4263E1AD2AE44008C5009 /* Debug */,
				BFD4263F1AD2AE44008C5009 /* Release */,
			);
			defaultConfigurationIsVisible = 0;
			defaultConfigurationName = Release;
		};
/* End XCConfigurationList section */

/* Begin XCVersionGroup section */
		BFD426241AD2AE44008C5009 /* USSDSpace.xcdatamodeld */ = {
			isa = XCVersionGroup;
			children = (
				BFD426251AD2AE44008C5009 /* USSDSpace.xcdatamodel */,
			);
			currentVersion = BFD426251AD2AE44008C5009 /* USSDSpace.xcdatamodel */;
			path = USSDSpace.xcdatamodeld;
			sourceTree = "<group>";
			versionGroupType = wrapper.xcdatamodel;
		};
/* End XCVersionGroup section */
	};
	rootObject = BFD426151AD2AE44008C5009 /* Project object */;
}
